{
  "pins" : [
    {
      "identity" : "compactslider",
      "kind" : "remoteSourceControl",
      "location" : "https://github.com/buh/CompactSlider.git",
      "state" : {
        "branch" : "main",
        "revision" : "31a4db8ef10f32e574be35399b10b00e05d27e38"
      }
    },
    {
      "identity" : "ml-stable-diffusion",
      "kind" : "remoteSourceControl",
      "location" : "https://github.com/apple/ml-stable-diffusion",
      "state" : {
        "branch" : "main",
        "revision" : "d456a972cd7d84cab2ec353a29896d59b8602248"
      }
    },
    {
      "identity" : "swift-argument-parser",
      "kind" : "remoteSourceControl",
      "location" : "https://github.com/apple/swift-argument-parser.git",
      "state" : {
        "revision" : "fddd1c00396eed152c45a46bea9f47b98e59301d",
        "version" : "1.2.0"
      }
    },
    {
      "identity" : "zipfoundation",
      "kind" : "remoteSourceControl",
      "location" : "https://github.com/weichsel/ZIPFoundation.git",
      "state" : {
        "revision" : "b979e8b52c7ae7f3f39fa0182e738e9e7257eb78",
        "version" : "0.9.18"
      }
    }
  ],
  "version" : 2
}
